PODS:
  - Capacitor (7.2.0):
    - CapacitorCordova
  - CapacitorApp (7.0.1):
    - Capacitor
  - CapacitorCordova (7.2.0)
  - CapacitorKeyboard (7.0.1):
    - Capacitor
  - SQLite.swift (0.15.3):
    - SQLite.swift/standard (= 0.15.3)
  - SQLite.swift/standard (0.15.3)

DEPENDENCIES:
  - "Capacitor (from `../../node_modules/@capacitor/ios`)"
  - "CapacitorApp (from `../../node_modules/@capacitor/app`)"
  - "CapacitorCordova (from `../../node_modules/@capacitor/ios`)"
  - "CapacitorKeyboard (from `../../node_modules/@capacitor/keyboard`)"
  - SQLite.swift (~> 0.15.3)

SPEC REPOS:
  trunk:
    - SQLite.swift

EXTERNAL SOURCES:
  Capacitor:
    :path: "../../node_modules/@capacitor/ios"
  CapacitorApp:
    :path: "../../node_modules/@capacitor/app"
  CapacitorCordova:
    :path: "../../node_modules/@capacitor/ios"
  CapacitorKeyboard:
    :path: "../../node_modules/@capacitor/keyboard"

SPEC CHECKSUMS:
  Capacitor: 106e7a4205f4618d582b886a975657c61179138d
  CapacitorApp: d63334c052278caf5d81585d80b21905c6f93f39
  CapacitorCordova: 5967b9ba03915ef1d585469d6e31f31dc49be96f
  CapacitorKeyboard: 969647d0ca2e5c737d7300088e2517aa832434e2
  SQLite.swift: 8d054987f02728cc912b0eb5a9659650573a65a2

PODFILE CHECKSUM: cdecad80c2850d593aef4fb655ae7a10769eec51

COCOAPODS: 1.15.2
